
Microsoft Visual Studio Solution File, Format Version 12.00
# Visual Studio Version 17
VisualStudioVersion = 17.1.32210.238
MinimumVisualStudioVersion = 10.0.40219.1
Project("{F2A71F9B-5D33-465A-A702-920D77279786}") = "SeriesOfDegrees", "SeriesOfDegrees.fsproj", "{76112D08-B052-4A7F-AE0B-262589130597}"
EndProject
Project("{F2A71F9B-5D33-465A-A702-920D77279786}") = "SeriesOfDegrees.Tests", "..\SeriesOfDegrees.Tests\SeriesOfDegrees.Tests.fsproj", "{EB415A74-67BC-43B6-88F7-1667362B46A4}"
EndProject
Global
	GlobalSection(SolutionConfigurationPlatforms) = preSolution
		Debug|Any CPU = Debug|Any CPU
		Release|Any CPU = Release|Any CPU
	EndGlobalSection
	GlobalSection(ProjectConfigurationPlatforms) = postSolution
		{76112D08-B052-4A7F-AE0B-262589130597}.Debug|Any CPU.ActiveCfg = Debug|Any CPU
		{76112D08-B052-4A7F-AE0B-262589130597}.Debug|Any CPU.Build.0 = Debug|Any CPU
		{76112D08-B052-4A7F-AE0B-262589130597}.Release|Any CPU.ActiveCfg = Release|Any CPU
		{76112D08-B052-4A7F-AE0B-262589130597}.Release|Any CPU.Build.0 = Release|Any CPU
		{EB415A74-67BC-43B6-88F7-1667362B46A4}.Debug|Any CPU.ActiveCfg = Debug|Any CPU
		{EB415A74-67BC-43B6-88F7-1667362B46A4}.Debug|Any CPU.Build.0 = Debug|Any CPU
		{EB415A74-67BC-43B6-88F7-1667362B46A4}.Release|Any CPU.ActiveCfg = Release|Any CPU
		{EB415A74-67BC-43B6-88F7-1667362B46A4}.Release|Any CPU.Build.0 = Release|Any CPU
	EndGlobalSection
	GlobalSection(SolutionProperties) = preSolution
		HideSolutionNode = FALSE
	EndGlobalSection
	GlobalSection(ExtensibilityGlobals) = postSolution
		SolutionGuid = {89281150-C405-48F1-B1A9-62975E4EB572}
	EndGlobalSection
EndGlobal
