
Microsoft Visual Studio Solution File, Format Version 12.00
# Visual Studio Version 17
VisualStudioVersion = 17.5.33424.131
MinimumVisualStudioVersion = 10.0.40219.1
Project("{F2A71F9B-5D33-465A-A702-920D77279786}") = "crawler", "crawler.fsproj", "{E21AA9ED-4AF6-498B-9FA3-9BD2538CA9FB}"
EndProject
Global
	GlobalSection(SolutionConfigurationPlatforms) = preSolution
		Debug|Any CPU = Debug|Any CPU
		Release|Any CPU = Release|Any CPU
	EndGlobalSection
	GlobalSection(ProjectConfigurationPlatforms) = postSolution
		{E21AA9ED-4AF6-498B-9FA3-9BD2538CA9FB}.Debug|Any CPU.ActiveCfg = Debug|Any CPU
		{E21AA9ED-4AF6-498B-9FA3-9BD2538CA9FB}.Debug|Any CPU.Build.0 = Debug|Any CPU
		{E21AA9ED-4AF6-498B-9FA3-9BD2538CA9FB}.Release|Any CPU.ActiveCfg = Release|Any CPU
		{E21AA9ED-4AF6-498B-9FA3-9BD2538CA9FB}.Release|Any CPU.Build.0 = Release|Any CPU
	EndGlobalSection
	GlobalSection(SolutionProperties) = preSolution
		HideSolutionNode = FALSE
	EndGlobalSection
	GlobalSection(ExtensibilityGlobals) = postSolution
		SolutionGuid = {6F3C24F9-8165-406B-ADA7-DF02E9CB5B2B}
	EndGlobalSection
EndGlobal
