
Microsoft Visual Studio Solution File, Format Version 12.00
# Visual Studio Version 17
VisualStudioVersion = 17.5.33424.131
MinimumVisualStudioVersion = 10.0.40219.1
Project("{F2A71F9B-5D33-465A-A702-920D77279786}") = "PhoneBook", "PhoneBook.fsproj", "{1A8C44B2-B709-42D4-87F4-844371D1569A}"
EndProject
Project("{F2A71F9B-5D33-465A-A702-920D77279786}") = "PhoneBook.Tests", "..\PhoneBook.Tests\PhoneBook.Tests.fsproj", "{21A82187-688B-4212-8B1B-DD1838FD0A28}"
EndProject
Global
	GlobalSection(SolutionConfigurationPlatforms) = preSolution
		Debug|Any CPU = Debug|Any CPU
		Release|Any CPU = Release|Any CPU
	EndGlobalSection
	GlobalSection(ProjectConfigurationPlatforms) = postSolution
		{1A8C44B2-B709-42D4-87F4-844371D1569A}.Debug|Any CPU.ActiveCfg = Debug|Any CPU
		{1A8C44B2-B709-42D4-87F4-844371D1569A}.Debug|Any CPU.Build.0 = Debug|Any CPU
		{1A8C44B2-B709-42D4-87F4-844371D1569A}.Release|Any CPU.ActiveCfg = Release|Any CPU
		{1A8C44B2-B709-42D4-87F4-844371D1569A}.Release|Any CPU.Build.0 = Release|Any CPU
		{21A82187-688B-4212-8B1B-DD1838FD0A28}.Debug|Any CPU.ActiveCfg = Debug|Any CPU
		{21A82187-688B-4212-8B1B-DD1838FD0A28}.Debug|Any CPU.Build.0 = Debug|Any CPU
		{21A82187-688B-4212-8B1B-DD1838FD0A28}.Release|Any CPU.ActiveCfg = Release|Any CPU
		{21A82187-688B-4212-8B1B-DD1838FD0A28}.Release|Any CPU.Build.0 = Release|Any CPU
	EndGlobalSection
	GlobalSection(SolutionProperties) = preSolution
		HideSolutionNode = FALSE
	EndGlobalSection
	GlobalSection(ExtensibilityGlobals) = postSolution
		SolutionGuid = {6D46167C-3709-4D81-97C5-128EDCD8CE83}
	EndGlobalSection
EndGlobal
