
Microsoft Visual Studio Solution File, Format Version 12.00
# Visual Studio Version 17
VisualStudioVersion = 17.1.32210.238
MinimumVisualStudioVersion = 10.0.40219.1
Project("{F2A71F9B-5D33-465A-A702-920D77279786}") = "ReverseList", "ReverseList.fsproj", "{A139055E-0B3B-47D2-913B-0433CC1B88DB}"
EndProject
Project("{F2A71F9B-5D33-465A-A702-920D77279786}") = "ReverseList.Tests", "..\ReverseList.Tests\ReverseList.Tests.fsproj", "{52C83AB9-BB42-4B93-8C87-B8CF0B103E44}"
EndProject
Global
	GlobalSection(SolutionConfigurationPlatforms) = preSolution
		Debug|Any CPU = Debug|Any CPU
		Release|Any CPU = Release|Any CPU
	EndGlobalSection
	GlobalSection(ProjectConfigurationPlatforms) = postSolution
		{A139055E-0B3B-47D2-913B-0433CC1B88DB}.Debug|Any CPU.ActiveCfg = Debug|Any CPU
		{A139055E-0B3B-47D2-913B-0433CC1B88DB}.Debug|Any CPU.Build.0 = Debug|Any CPU
		{A139055E-0B3B-47D2-913B-0433CC1B88DB}.Release|Any CPU.ActiveCfg = Release|Any CPU
		{A139055E-0B3B-47D2-913B-0433CC1B88DB}.Release|Any CPU.Build.0 = Release|Any CPU
		{52C83AB9-BB42-4B93-8C87-B8CF0B103E44}.Debug|Any CPU.ActiveCfg = Debug|Any CPU
		{52C83AB9-BB42-4B93-8C87-B8CF0B103E44}.Debug|Any CPU.Build.0 = Debug|Any CPU
		{52C83AB9-BB42-4B93-8C87-B8CF0B103E44}.Release|Any CPU.ActiveCfg = Release|Any CPU
		{52C83AB9-BB42-4B93-8C87-B8CF0B103E44}.Release|Any CPU.Build.0 = Release|Any CPU
	EndGlobalSection
	GlobalSection(SolutionProperties) = preSolution
		HideSolutionNode = FALSE
	EndGlobalSection
	GlobalSection(ExtensibilityGlobals) = postSolution
		SolutionGuid = {4F68D549-D663-422C-90A7-D42A8ACC171E}
	EndGlobalSection
EndGlobal
