
Microsoft Visual Studio Solution File, Format Version 12.00
# Visual Studio Version 17
VisualStudioVersion = 17.5.33424.131
MinimumVisualStudioVersion = 10.0.40219.1
Project("{F2A71F9B-5D33-465A-A702-920D77279786}") = "LambdaInterpreter", "LambdaInterpreter.fsproj", "{B881F855-7F03-4AFE-BC49-759C236D7C62}"
EndProject
Global
	GlobalSection(SolutionConfigurationPlatforms) = preSolution
		Debug|Any CPU = Debug|Any CPU
		Release|Any CPU = Release|Any CPU
	EndGlobalSection
	GlobalSection(ProjectConfigurationPlatforms) = postSolution
		{B881F855-7F03-4AFE-BC49-759C236D7C62}.Debug|Any CPU.ActiveCfg = Debug|Any CPU
		{B881F855-7F03-4AFE-BC49-759C236D7C62}.Debug|Any CPU.Build.0 = Debug|Any CPU
		{B881F855-7F03-4AFE-BC49-759C236D7C62}.Release|Any CPU.ActiveCfg = Release|Any CPU
		{B881F855-7F03-4AFE-BC49-759C236D7C62}.Release|Any CPU.Build.0 = Release|Any CPU
	EndGlobalSection
	GlobalSection(SolutionProperties) = preSolution
		HideSolutionNode = FALSE
	EndGlobalSection
	GlobalSection(ExtensibilityGlobals) = postSolution
		SolutionGuid = {E868D9D7-54DD-4AC8-B466-363E8B1580E2}
	EndGlobalSection
EndGlobal
