
Microsoft Visual Studio Solution File, Format Version 12.00
# Visual Studio Version 17
VisualStudioVersion = 17.5.33424.131
MinimumVisualStudioVersion = 10.0.40219.1
Project("{F2A71F9B-5D33-465A-A702-920D77279786}") = "task-1", "task-1.fsproj", "{A5CF2FD2-66FA-4C77-9995-52960475B631}"
EndProject
Project("{F2A71F9B-5D33-465A-A702-920D77279786}") = "task-1.Tests", "..\task-1.Tests\task-1.Tests.fsproj", "{BBF7665D-BAB4-4067-9BFD-3DAC49DEE35A}"
EndProject
Global
	GlobalSection(SolutionConfigurationPlatforms) = preSolution
		Debug|Any CPU = Debug|Any CPU
		Release|Any CPU = Release|Any CPU
	EndGlobalSection
	GlobalSection(ProjectConfigurationPlatforms) = postSolution
		{A5CF2FD2-66FA-4C77-9995-52960475B631}.Debug|Any CPU.ActiveCfg = Debug|Any CPU
		{A5CF2FD2-66FA-4C77-9995-52960475B631}.Debug|Any CPU.Build.0 = Debug|Any CPU
		{A5CF2FD2-66FA-4C77-9995-52960475B631}.Release|Any CPU.ActiveCfg = Release|Any CPU
		{A5CF2FD2-66FA-4C77-9995-52960475B631}.Release|Any CPU.Build.0 = Release|Any CPU
		{BBF7665D-BAB4-4067-9BFD-3DAC49DEE35A}.Debug|Any CPU.ActiveCfg = Debug|Any CPU
		{BBF7665D-BAB4-4067-9BFD-3DAC49DEE35A}.Debug|Any CPU.Build.0 = Debug|Any CPU
		{BBF7665D-BAB4-4067-9BFD-3DAC49DEE35A}.Release|Any CPU.ActiveCfg = Release|Any CPU
		{BBF7665D-BAB4-4067-9BFD-3DAC49DEE35A}.Release|Any CPU.Build.0 = Release|Any CPU
	EndGlobalSection
	GlobalSection(SolutionProperties) = preSolution
		HideSolutionNode = FALSE
	EndGlobalSection
	GlobalSection(ExtensibilityGlobals) = postSolution
		SolutionGuid = {CDA3C91D-5BAF-453F-BD7D-A053649A6AFA}
	EndGlobalSection
EndGlobal
