
Microsoft Visual Studio Solution File, Format Version 12.00
# Visual Studio Version 17
VisualStudioVersion = 17.5.33424.131
MinimumVisualStudioVersion = 10.0.40219.1
Project("{F2A71F9B-5D33-465A-A702-920D77279786}") = "MapForTrees", "MapForTrees.fsproj", "{5E5CF17B-186D-48B3-ACDB-6F5C13803B2F}"
EndProject
Project("{F2A71F9B-5D33-465A-A702-920D77279786}") = "MapForTrees.Tests", "..\MapForTrees.Tests\MapForTrees.Tests.fsproj", "{F2607ACF-0073-438A-B1B5-64412084CA5D}"
EndProject
Global
	GlobalSection(SolutionConfigurationPlatforms) = preSolution
		Debug|Any CPU = Debug|Any CPU
		Release|Any CPU = Release|Any CPU
	EndGlobalSection
	GlobalSection(ProjectConfigurationPlatforms) = postSolution
		{5E5CF17B-186D-48B3-ACDB-6F5C13803B2F}.Debug|Any CPU.ActiveCfg = Debug|Any CPU
		{5E5CF17B-186D-48B3-ACDB-6F5C13803B2F}.Debug|Any CPU.Build.0 = Debug|Any CPU
		{5E5CF17B-186D-48B3-ACDB-6F5C13803B2F}.Release|Any CPU.ActiveCfg = Release|Any CPU
		{5E5CF17B-186D-48B3-ACDB-6F5C13803B2F}.Release|Any CPU.Build.0 = Release|Any CPU
		{F2607ACF-0073-438A-B1B5-64412084CA5D}.Debug|Any CPU.ActiveCfg = Debug|Any CPU
		{F2607ACF-0073-438A-B1B5-64412084CA5D}.Debug|Any CPU.Build.0 = Debug|Any CPU
		{F2607ACF-0073-438A-B1B5-64412084CA5D}.Release|Any CPU.ActiveCfg = Release|Any CPU
		{F2607ACF-0073-438A-B1B5-64412084CA5D}.Release|Any CPU.Build.0 = Release|Any CPU
	EndGlobalSection
	GlobalSection(SolutionProperties) = preSolution
		HideSolutionNode = FALSE
	EndGlobalSection
	GlobalSection(ExtensibilityGlobals) = postSolution
		SolutionGuid = {5086CC07-B8CE-4B0C-AE94-70D34DC3023F}
	EndGlobalSection
EndGlobal
